// !$*UTF8*$!
{
	archiveVersion = 1;
	classes = {
	};
	objectVersion = 52;
	objects = {

/* Begin PBXBuildFile section */
		52EB8E1824FD99250091FD58 /* AppDelegate.swift in Sources */ = {isa = PBXBuildFile; fileRef = 52EB8E1724FD99250091FD58 /* AppDelegate.swift */; };
		52EB8E1A24FD99250091FD58 /* SceneDelegate.swift in Sources */ = {isa = PBXBuildFile; fileRef = 52EB8E1924FD99250091FD58 /* SceneDelegate.swift */; };
		52EB8E1C24FD99250091FD58 /* PeopleListView.swift in Sources */ = {isa = PBXBuildFile; fileRef = 52EB8E1B24FD99250091FD58 /* PeopleListView.swift */; };
		52EB8E1E24FD99260091FD58 /* Assets.xcassets in Resources */ = {isa = PBXBuildFile; fileRef = 52EB8E1D24FD99260091FD58 /* Assets.xcassets */; };
		52EB8E2124FD99260091FD58 /* Preview Assets.xcassets in Resources */ = {isa = PBXBuildFile; fileRef = 52EB8E2024FD99260091FD58 /* Preview Assets.xcassets */; };
		52EB8E2424FD99260091FD58 /* LaunchScreen.storyboard in Resources */ = {isa = PBXBuildFile; fileRef = 52EB8E2224FD99260091FD58 /* LaunchScreen.storyboard */; };
		52EB8E2D24FD99A00091FD58 /* PeopleResponse.swift in Sources */ = {isa = PBXBuildFile; fileRef = 52EB8E2C24FD99A00091FD58 /* PeopleResponse.swift */; };
		52EB8E3124FED4BA0091FD58 /* PeopleViewModel.swift in Sources */ = {isa = PBXBuildFile; fileRef = 52EB8E3024FED4BA0091FD58 /* PeopleViewModel.swift */; };
		52EB8E3C24FEF16C0091FD58 /* SDWebImageSwiftUI in Frameworks */ = {isa = PBXBuildFile; productRef = 52EB8E3B24FEF16C0091FD58 /* SDWebImageSwiftUI */; };
		52EB8E3E24FEF7BA0091FD58 /* Webservice.swift in Sources */ = {isa = PBXBuildFile; fileRef = 52EB8E3D24FEF7BA0091FD58 /* Webservice.swift */; };
		52EB8E4224FEFA470091FD58 /* PersonDetailsView.swift in Sources */ = {isa = PBXBuildFile; fileRef = 52EB8E4124FEFA470091FD58 /* PersonDetailsView.swift */; };
		52F5ACAE250024F500AB32F3 /* LoginView.swift in Sources */ = {isa = PBXBuildFile; fileRef = 52F5ACAD250024F500AB32F3 /* LoginView.swift */; };
		52F5ACB025002A0800AB32F3 /* AppRootView.swift in Sources */ = {isa = PBXBuildFile; fileRef = 52F5ACAF25002A0800AB32F3 /* AppRootView.swift */; };
		52F5ACB225002ACF00AB32F3 /* AuthLocal.swift in Sources */ = {isa = PBXBuildFile; fileRef = 52F5ACB125002ACF00AB32F3 /* AuthLocal.swift */; };
		52F5ACB7250127E600AB32F3 /* Settings.swift in Sources */ = {isa = PBXBuildFile; fileRef = 52F5ACB6250127E600AB32F3 /* Settings.swift */; };
		52F5ACB92501316200AB32F3 /* GoogleService-Info.plist in Resources */ = {isa = PBXBuildFile; fileRef = 52F5ACB82501316200AB32F3 /* GoogleService-Info.plist */; };
		52F5ACBB25013D4000AB32F3 /* SessionStore.swift in Sources */ = {isa = PBXBuildFile; fileRef = 52F5ACBA25013D4000AB32F3 /* SessionStore.swift */; };
		52F5ACBD25013D6400AB32F3 /* User.swift in Sources */ = {isa = PBXBuildFile; fileRef = 52F5ACBC25013D6400AB32F3 /* User.swift */; };
		E69E7EB5A771B6687A6BC6AC /* Pods_PeopleSwiftUI.framework in Frameworks */ = {isa = PBXBuildFile; fileRef = 1301B1AF7109DD1DAF6F5C63 /* Pods_PeopleSwiftUI.framework */; };
/* End PBXBuildFile section */

/* Begin PBXFileReference section */
		0F0E19E1618D0DB2D38F6E9C /* Pods-PeopleSwiftUI.release.xcconfig */ = {isa = PBXFileReference; includeInIndex = 1; lastKnownFileType = text.xcconfig; name = "Pods-PeopleSwiftUI.release.xcconfig"; path = "Target Support Files/Pods-PeopleSwiftUI/Pods-PeopleSwiftUI.release.xcconfig"; sourceTree = "<group>"; };
		1301B1AF7109DD1DAF6F5C63 /* Pods_PeopleSwiftUI.framework */ = {isa = PBXFileReference; explicitFileType = wrapper.framework; includeInIndex = 0; path = Pods_PeopleSwiftUI.framework; sourceTree = BUILT_PRODUCTS_DIR; };
		52EB8E1424FD99250091FD58 /* PeopleSwiftUI.app */ = {isa = PBXFileReference; explicitFileType = wrapper.application; includeInIndex = 0; path = PeopleSwiftUI.app; sourceTree = BUILT_PRODUCTS_DIR; };
		52EB8E1724FD99250091FD58 /* AppDelegate.swift */ = {isa = PBXFileReference; lastKnownFileType = sourcecode.swift; path = AppDelegate.swift; sourceTree = "<group>"; };
		52EB8E1924FD99250091FD58 /* SceneDelegate.swift */ = {isa = PBXFileReference; lastKnownFileType = sourcecode.swift; path = SceneDelegate.swift; sourceTree = "<group>"; };
		52EB8E1B24FD99250091FD58 /* PeopleListView.swift */ = {isa = PBXFileReference; lastKnownFileType = sourcecode.swift; path = PeopleListView.swift; sourceTree = "<group>"; };
		52EB8E1D24FD99260091FD58 /* Assets.xcassets */ = {isa = PBXFileReference; lastKnownFileType = folder.assetcatalog; path = Assets.xcassets; sourceTree = "<group>"; };
		52EB8E2024FD99260091FD58 /* Preview Assets.xcassets */ = {isa = PBXFileReference; lastKnownFileType = folder.assetcatalog; path = "Preview Assets.xcassets"; sourceTree = "<group>"; };
		52EB8E2324FD99260091FD58 /* Base */ = {isa = PBXFileReference; lastKnownFileType = file.storyboard; name = Base; path = Base.lproj/LaunchScreen.storyboard; sourceTree = "<group>"; };
		52EB8E2524FD99260091FD58 /* Info.plist */ = {isa = PBXFileReference; lastKnownFileType = text.plist.xml; path = Info.plist; sourceTree = "<group>"; };
		52EB8E2C24FD99A00091FD58 /* PeopleResponse.swift */ = {isa = PBXFileReference; lastKnownFileType = sourcecode.swift; path = PeopleResponse.swift; sourceTree = "<group>"; };
		52EB8E3024FED4BA0091FD58 /* PeopleViewModel.swift */ = {isa = PBXFileReference; lastKnownFileType = sourcecode.swift; path = PeopleViewModel.swift; sourceTree = "<group>"; };
		52EB8E3D24FEF7BA0091FD58 /* Webservice.swift */ = {isa = PBXFileReference; lastKnownFileType = sourcecode.swift; path = Webservice.swift; sourceTree = "<group>"; };
		52EB8E4124FEFA470091FD58 /* PersonDetailsView.swift */ = {isa = PBXFileReference; lastKnownFileType = sourcecode.swift; path = PersonDetailsView.swift; sourceTree = "<group>"; };
		52F5ACAD250024F500AB32F3 /* LoginView.swift */ = {isa = PBXFileReference; lastKnownFileType = sourcecode.swift; path = LoginView.swift; sourceTree = "<group>"; };
		52F5ACAF25002A0800AB32F3 /* AppRootView.swift */ = {isa = PBXFileReference; lastKnownFileType = sourcecode.swift; path = AppRootView.swift; sourceTree = "<group>"; };
		52F5ACB125002ACF00AB32F3 /* AuthLocal.swift */ = {isa = PBXFileReference; lastKnownFileType = sourcecode.swift; path = AuthLocal.swift; sourceTree = "<group>"; };
		52F5ACB6250127E600AB32F3 /* Settings.swift */ = {isa = PBXFileReference; lastKnownFileType = sourcecode.swift; path = Settings.swift; sourceTree = "<group>"; };
		52F5ACB82501316200AB32F3 /* GoogleService-Info.plist */ = {isa = PBXFileReference; fileEncoding = 4; lastKnownFileType = text.plist.xml; path = "GoogleService-Info.plist"; sourceTree = "<group>"; };
		52F5ACBA25013D4000AB32F3 /* SessionStore.swift */ = {isa = PBXFileReference; lastKnownFileType = sourcecode.swift; path = SessionStore.swift; sourceTree = "<group>"; };
		52F5ACBC25013D6400AB32F3 /* User.swift */ = {isa = PBXFileReference; lastKnownFileType = sourcecode.swift; path = User.swift; sourceTree = "<group>"; };
		B69179C1D887B13B85890714 /* Pods-PeopleSwiftUI.debug.xcconfig */ = {isa = PBXFileReference; includeInIndex = 1; lastKnownFileType = text.xcconfig; name = "Pods-PeopleSwiftUI.debug.xcconfig"; path = "Target Support Files/Pods-PeopleSwiftUI/Pods-PeopleSwiftUI.debug.xcconfig"; sourceTree = "<group>"; };
/* End PBXFileReference section */

/* Begin PBXFrameworksBuildPhase section */
		52EB8E1124FD99250091FD58 /* Frameworks */ = {
			isa = PBXFrameworksBuildPhase;
			buildActionMask = 2147483647;
			files = (
				52EB8E3C24FEF16C0091FD58 /* SDWebImageSwiftUI in Frameworks */,
				E69E7EB5A771B6687A6BC6AC /* Pods_PeopleSwiftUI.framework in Frameworks */,
			);
			runOnlyForDeploymentPostprocessing = 0;
		};
/* End PBXFrameworksBuildPhase section */

/* Begin PBXGroup section */
		52EB8E0B24FD99250091FD58 = {
			isa = PBXGroup;
			children = (
				52EB8E1624FD99250091FD58 /* PeopleSwiftUI */,
				52EB8E1524FD99250091FD58 /* Products */,
				EAE073941D55E475B45CD3DA /* Pods */,
				A1593D722A7AAAFEFD35780D /* Frameworks */,
			);
			sourceTree = "<group>";
		};
		52EB8E1524FD99250091FD58 /* Products */ = {
			isa = PBXGroup;
			children = (
				52EB8E1424FD99250091FD58 /* PeopleSwiftUI.app */,
			);
			name = Products;
			sourceTree = "<group>";
		};
		52EB8E1624FD99250091FD58 /* PeopleSwiftUI */ = {
			isa = PBXGroup;
			children = (
				52F5ACB52501245700AB32F3 /* main */,
				52F5ACAC250024EB00AB32F3 /* login */,
				52EB8E4024FEFA300091FD58 /* Details */,
				52EB8E3F24FEF7F00091FD58 /* People */,
				52EB8E2B24FD996C0091FD58 /* Networking */,
				52EB8E1D24FD99260091FD58 /* Assets.xcassets */,
				52EB8E2224FD99260091FD58 /* LaunchScreen.storyboard */,
				52F5ACB82501316200AB32F3 /* GoogleService-Info.plist */,
				52EB8E2524FD99260091FD58 /* Info.plist */,
				52EB8E1F24FD99260091FD58 /* Preview Content */,
			);
			path = PeopleSwiftUI;
			sourceTree = "<group>";
		};
		52EB8E1F24FD99260091FD58 /* Preview Content */ = {
			isa = PBXGroup;
			children = (
				52EB8E2024FD99260091FD58 /* Preview Assets.xcassets */,
			);
			path = "Preview Content";
			sourceTree = "<group>";
		};
		52EB8E2B24FD996C0091FD58 /* Networking */ = {
			isa = PBXGroup;
			children = (
				52EB8E2C24FD99A00091FD58 /* PeopleResponse.swift */,
				52EB8E3D24FEF7BA0091FD58 /* Webservice.swift */,
			);
			path = Networking;
			sourceTree = "<group>";
		};
		52EB8E3F24FEF7F00091FD58 /* People */ = {
			isa = PBXGroup;
			children = (
				52EB8E3024FED4BA0091FD58 /* PeopleViewModel.swift */,
				52EB8E1B24FD99250091FD58 /* PeopleListView.swift */,
			);
			path = People;
			sourceTree = "<group>";
		};
		52EB8E4024FEFA300091FD58 /* Details */ = {
			isa = PBXGroup;
			children = (
				52EB8E4124FEFA470091FD58 /* PersonDetailsView.swift */,
			);
			path = Details;
			sourceTree = "<group>";
		};
		52F5ACAC250024EB00AB32F3 /* login */ = {
			isa = PBXGroup;
			children = (
				52F5ACAD250024F500AB32F3 /* LoginView.swift */,
			);
			path = login;
			sourceTree = "<group>";
		};
		52F5ACB52501245700AB32F3 /* main */ = {
			isa = PBXGroup;
			children = (
				52EB8E1724FD99250091FD58 /* AppDelegate.swift */,
				52EB8E1924FD99250091FD58 /* SceneDelegate.swift */,
				52F5ACBA25013D4000AB32F3 /* SessionStore.swift */,
				52F5ACBC25013D6400AB32F3 /* User.swift */,
				52F5ACAF25002A0800AB32F3 /* AppRootView.swift */,
				52F5ACB125002ACF00AB32F3 /* AuthLocal.swift */,
				52F5ACB6250127E600AB32F3 /* Settings.swift */,
			);
			path = main;
			sourceTree = "<group>";
		};
		A1593D722A7AAAFEFD35780D /* Frameworks */ = {
			isa = PBXGroup;
			children = (
				1301B1AF7109DD1DAF6F5C63 /* Pods_PeopleSwiftUI.framework */,
			);
			name = Frameworks;
			sourceTree = "<group>";
		};
		EAE073941D55E475B45CD3DA /* Pods */ = {
			isa = PBXGroup;
			children = (
				B69179C1D887B13B85890714 /* Pods-PeopleSwiftUI.debug.xcconfig */,
				0F0E19E1618D0DB2D38F6E9C /* Pods-PeopleSwiftUI.release.xcconfig */,
			);
			path = Pods;
			sourceTree = "<group>";
		};
/* End PBXGroup section */

/* Begin PBXNativeTarget section */
		52EB8E1324FD99250091FD58 /* PeopleSwiftUI */ = {
			isa = PBXNativeTarget;
			buildConfigurationList = 52EB8E2824FD99260091FD58 /* Build configuration list for PBXNativeTarget "PeopleSwiftUI" */;
			buildPhases = (
				29AB1D0CA06B3E3780C2A6A3 /* [CP] Check Pods Manifest.lock */,
				52EB8E1024FD99250091FD58 /* Sources */,
				52EB8E1124FD99250091FD58 /* Frameworks */,
				52EB8E1224FD99250091FD58 /* Resources */,
				6D020621872DBDE2590D9402 /* [CP] Embed Pods Frameworks */,
			);
			buildRules = (
			);
			dependencies = (
			);
			name = PeopleSwiftUI;
			packageProductDependencies = (
				52EB8E3B24FEF16C0091FD58 /* SDWebImageSwiftUI */,
			);
			productName = PeopleSwiftUI;
			productReference = 52EB8E1424FD99250091FD58 /* PeopleSwiftUI.app */;
			productType = "com.apple.product-type.application";
		};
/* End PBXNativeTarget section */

/* Begin PBXProject section */
		52EB8E0C24FD99250091FD58 /* Project object */ = {
			isa = PBXProject;
			attributes = {
				LastSwiftUpdateCheck = 1130;
				LastUpgradeCheck = 1130;
				ORGANIZATIONNAME = "Andrés Martínez";
				TargetAttributes = {
					52EB8E1324FD99250091FD58 = {
						CreatedOnToolsVersion = 11.3.1;
					};
				};
			};
			buildConfigurationList = 52EB8E0F24FD99250091FD58 /* Build configuration list for PBXProject "PeopleSwiftUI" */;
			compatibilityVersion = "Xcode 9.3";
			developmentRegion = en;
			hasScannedForEncodings = 0;
			knownRegions = (
				en,
				Base,
			);
			mainGroup = 52EB8E0B24FD99250091FD58;
			packageReferences = (
				52EB8E3A24FEF16C0091FD58 /* XCRemoteSwiftPackageReference "SDWebImageSwiftUI" */,
			);
			productRefGroup = 52EB8E1524FD99250091FD58 /* Products */;
			projectDirPath = "";
			projectRoot = "";
			targets = (
				52EB8E1324FD99250091FD58 /* PeopleSwiftUI */,
			);
		};
/* End PBXProject section */

/* Begin PBXResourcesBuildPhase section */
		52EB8E1224FD99250091FD58 /* Resources */ = {
			isa = PBXResourcesBuildPhase;
			buildActionMask = 2147483647;
			files = (
				52EB8E2424FD99260091FD58 /* LaunchScreen.storyboard in Resources */,
				52F5ACB92501316200AB32F3 /* GoogleService-Info.plist in Resources */,
				52EB8E2124FD99260091FD58 /* Preview Assets.xcassets in Resources */,
				52EB8E1E24FD99260091FD58 /* Assets.xcassets in Resources */,
			);
			runOnlyForDeploymentPostprocessing = 0;
		};
/* End PBXResourcesBuildPhase section */

/* Begin PBXShellScriptBuildPhase section */
		29AB1D0CA06B3E3780C2A6A3 /* [CP] Check Pods Manifest.lock */ = {
			isa = PBXShellScriptBuildPhase;
			buildActionMask = 2147483647;
			files = (
			);
			inputFileListPaths = (
			);
			inputPaths = (
				"${PODS_PODFILE_DIR_PATH}/Podfile.lock",
				"${PODS_ROOT}/Manifest.lock",
			);
			name = "[CP] Check Pods Manifest.lock";
			outputFileListPaths = (
			);
			outputPaths = (
				"$(DERIVED_FILE_DIR)/Pods-PeopleSwiftUI-checkManifestLockResult.txt",
			);
			runOnlyForDeploymentPostprocessing = 0;
			shellPath = /bin/sh;
			shellScript = "diff \"${PODS_PODFILE_DIR_PATH}/Podfile.lock\" \"${PODS_ROOT}/Manifest.lock\" > /dev/null\nif [ $? != 0 ] ; then\n    # print error to STDERR\n    echo \"error: The sandbox is not in sync with the Podfile.lock. Run 'pod install' or update your CocoaPods installation.\" >&2\n    exit 1\nfi\n# This output is used by Xcode 'outputs' to avoid re-running this script phase.\necho \"SUCCESS\" > \"${SCRIPT_OUTPUT_FILE_0}\"\n";
			showEnvVarsInLog = 0;
		};
		6D020621872DBDE2590D9402 /* [CP] Embed Pods Frameworks */ = {
			isa = PBXShellScriptBuildPhase;
			buildActionMask = 2147483647;
			files = (
			);
			inputFileListPaths = (
				"${PODS_ROOT}/Target Support Files/Pods-PeopleSwiftUI/Pods-PeopleSwiftUI-frameworks-${CONFIGURATION}-input-files.xcfilelist",
			);
			name = "[CP] Embed Pods Frameworks";
			outputFileListPaths = (
				"${PODS_ROOT}/Target Support Files/Pods-PeopleSwiftUI/Pods-PeopleSwiftUI-frameworks-${CONFIGURATION}-output-files.xcfilelist",
			);
			runOnlyForDeploymentPostprocessing = 0;
			shellPath = /bin/sh;
			shellScript = "\"${PODS_ROOT}/Target Support Files/Pods-PeopleSwiftUI/Pods-PeopleSwiftUI-frameworks.sh\"\n";
			showEnvVarsInLog = 0;
		};
/* End PBXShellScriptBuildPhase section */

/* Begin PBXSourcesBuildPhase section */
		52EB8E1024FD99250091FD58 /* Sources */ = {
			isa = PBXSourcesBuildPhase;
			buildActionMask = 2147483647;
			files = (
				52F5ACBB25013D4000AB32F3 /* SessionStore.swift in Sources */,
				52EB8E1824FD99250091FD58 /* AppDelegate.swift in Sources */,
				52EB8E3E24FEF7BA0091FD58 /* Webservice.swift in Sources */,
				52EB8E3124FED4BA0091FD58 /* PeopleViewModel.swift in Sources */,
				52EB8E4224FEFA470091FD58 /* PersonDetailsView.swift in Sources */,
				52F5ACBD25013D6400AB32F3 /* User.swift in Sources */,
				52EB8E1A24FD99250091FD58 /* SceneDelegate.swift in Sources */,
				52F5ACB7250127E600AB32F3 /* Settings.swift in Sources */,
				52F5ACB225002ACF00AB32F3 /* AuthLocal.swift in Sources */,
				52EB8E1C24FD99250091FD58 /* PeopleListView.swift in Sources */,
				52F5ACAE250024F500AB32F3 /* LoginView.swift in Sources */,
				52F5ACB025002A0800AB32F3 /* AppRootView.swift in Sources */,
				52EB8E2D24FD99A00091FD58 /* PeopleResponse.swift in Sources */,
			);
			runOnlyForDeploymentPostprocessing = 0;
		};
/* End PBXSourcesBuildPhase section */

/* Begin PBXVariantGroup section */
		52EB8E2224FD99260091FD58 /* LaunchScreen.storyboard */ = {
			isa = PBXVariantGroup;
			children = (
				52EB8E2324FD99260091FD58 /* Base */,
			);
			name = LaunchScreen.storyboard;
			sourceTree = "<group>";
		};
/* End PBXVariantGroup section */

/* Begin XCBuildConfiguration section */
		52EB8E2624FD99260091FD58 /* Debug */ = {
			isa = XCBuildConfiguration;
			buildSettings = {
				ALWAYS_SEARCH_USER_PATHS = NO;
				CLANG_ANALYZER_NONNULL = YES;
				CLANG_ANALYZER_NUMBER_OBJECT_CONVERSION = YES_AGGRESSIVE;
				CLANG_CXX_LANGUAGE_STANDARD = "gnu++14";
				CLANG_CXX_LIBRARY = "libc++";
				CLANG_ENABLE_MODULES = YES;
				CLANG_ENABLE_OBJC_ARC = YES;
				CLANG_ENABLE_OBJC_WEAK = YES;
				CLANG_WARN_BLOCK_CAPTURE_AUTORELEASING = YES;
				CLANG_WARN_BOOL_CONVERSION = YES;
				CLANG_WARN_COMMA = YES;
				CLANG_WARN_CONSTANT_CONVERSION = YES;
				CLANG_WARN_DEPRECATED_OBJC_IMPLEMENTATIONS = YES;
				CLANG_WARN_DIRECT_OBJC_ISA_USAGE = YES_ERROR;
				CLANG_WARN_DOCUMENTATION_COMMENTS = YES;
				CLANG_WARN_EMPTY_BODY = YES;
				CLANG_WARN_ENUM_CONVERSION = YES;
				CLANG_WARN_INFINITE_RECURSION = YES;
				CLANG_WARN_INT_CONVERSION = YES;
				CLANG_WARN_NON_LITERAL_NULL_CONVERSION = YES;
				CLANG_WARN_OBJC_IMPLICIT_RETAIN_SELF = YES;
				CLANG_WARN_OBJC_LITERAL_CONVERSION = YES;
				CLANG_WARN_OBJC_ROOT_CLASS = YES_ERROR;
				CLANG_WARN_RANGE_LOOP_ANALYSIS = YES;
				CLANG_WARN_STRICT_PROTOTYPES = YES;
				CLANG_WARN_SUSPICIOUS_MOVE = YES;
				CLANG_WARN_UNGUARDED_AVAILABILITY = YES_AGGRESSIVE;
				CLANG_WARN_UNREACHABLE_CODE = YES;
				CLANG_WARN__DUPLICATE_METHOD_MATCH = YES;
				COPY_PHASE_STRIP = NO;
				DEBUG_INFORMATION_FORMAT = dwarf;
				ENABLE_STRICT_OBJC_MSGSEND = YES;
				ENABLE_TESTABILITY = YES;
				GCC_C_LANGUAGE_STANDARD = gnu11;
				GCC_DYNAMIC_NO_PIC = NO;
				GCC_NO_COMMON_BLOCKS = YES;
				GCC_OPTIMIZATION_LEVEL = 0;
				GCC_PREPROCESSOR_DEFINITIONS = (
					"DEBUG=1",
					"$(inherited)",
				);
				GCC_WARN_64_TO_32_BIT_CONVERSION = YES;
				GCC_WARN_ABOUT_RETURN_TYPE = YES_ERROR;
				GCC_WARN_UNDECLARED_SELECTOR = YES;
				GCC_WARN_UNINITIALIZED_AUTOS = YES_AGGRESSIVE;
				GCC_WARN_UNUSED_FUNCTION = YES;
				GCC_WARN_UNUSED_VARIABLE = YES;
				IPHONEOS_DEPLOYMENT_TARGET = 13.2;
				MTL_ENABLE_DEBUG_INFO = INCLUDE_SOURCE;
				MTL_FAST_MATH = YES;
				ONLY_ACTIVE_ARCH = YES;
				SDKROOT = iphoneos;
				SWIFT_ACTIVE_COMPILATION_CONDITIONS = DEBUG;
				SWIFT_OPTIMIZATION_LEVEL = "-Onone";
			};
			name = Debug;
		};
		52EB8E2724FD99260091FD58 /* Release */ = {
			isa = XCBuildConfiguration;
			buildSettings = {
				ALWAYS_SEARCH_USER_PATHS = NO;
				CLANG_ANALYZER_NONNULL = YES;
				CLANG_ANALYZER_NUMBER_OBJECT_CONVERSION = YES_AGGRESSIVE;
				CLANG_CXX_LANGUAGE_STANDARD = "gnu++14";
				CLANG_CXX_LIBRARY = "libc++";
				CLANG_ENABLE_MODULES = YES;
				CLANG_ENABLE_OBJC_ARC = YES;
				CLANG_ENABLE_OBJC_WEAK = YES;
				CLANG_WARN_BLOCK_CAPTURE_AUTORELEASING = YES;
				CLANG_WARN_BOOL_CONVERSION = YES;
				CLANG_WARN_COMMA = YES;
				CLANG_WARN_CONSTANT_CONVERSION = YES;
				CLANG_WARN_DEPRECATED_OBJC_IMPLEMENTATIONS = YES;
				CLANG_WARN_DIRECT_OBJC_ISA_USAGE = YES_ERROR;
				CLANG_WARN_DOCUMENTATION_COMMENTS = YES;
				CLANG_WARN_EMPTY_BODY = YES;
				CLANG_WARN_ENUM_CONVERSION = YES;
				CLANG_WARN_INFINITE_RECURSION = YES;
				CLANG_WARN_INT_CONVERSION = YES;
				CLANG_WARN_NON_LITERAL_NULL_CONVERSION = YES;
				CLANG_WARN_OBJC_IMPLICIT_RETAIN_SELF = YES;
				CLANG_WARN_OBJC_LITERAL_CONVERSION = YES;
				CLANG_WARN_OBJC_ROOT_CLASS = YES_ERROR;
				CLANG_WARN_RANGE_LOOP_ANALYSIS = YES;
				CLANG_WARN_STRICT_PROTOTYPES = YES;
				CLANG_WARN_SUSPICIOUS_MOVE = YES;
				CLANG_WARN_UNGUARDED_AVAILABILITY = YES_AGGRESSIVE;
				CLANG_WARN_UNREACHABLE_CODE = YES;
				CLANG_WARN__DUPLICATE_METHOD_MATCH = YES;
				COPY_PHASE_STRIP = NO;
				DEBUG_INFORMATION_FORMAT = "dwarf-with-dsym";
				ENABLE_NS_ASSERTIONS = NO;
				ENABLE_STRICT_OBJC_MSGSEND = YES;
				GCC_C_LANGUAGE_STANDARD = gnu11;
				GCC_NO_COMMON_BLOCKS = YES;
				GCC_WARN_64_TO_32_BIT_CONVERSION = YES;
				GCC_WARN_ABOUT_RETURN_TYPE = YES_ERROR;
				GCC_WARN_UNDECLARED_SELECTOR = YES;
				GCC_WARN_UNINITIALIZED_AUTOS = YES_AGGRESSIVE;
				GCC_WARN_UNUSED_FUNCTION = YES;
				GCC_WARN_UNUSED_VARIABLE = YES;
				IPHONEOS_DEPLOYMENT_TARGET = 13.2;
				MTL_ENABLE_DEBUG_INFO = NO;
				MTL_FAST_MATH = YES;
				SDKROOT = iphoneos;
				SWIFT_COMPILATION_MODE = wholemodule;
				SWIFT_OPTIMIZATION_LEVEL = "-O";
				VALIDATE_PRODUCT = YES;
			};
			name = Release;
		};
		52EB8E2924FD99260091FD58 /* Debug */ = {
			isa = XCBuildConfiguration;
			baseConfigurationReference = B69179C1D887B13B85890714 /* Pods-PeopleSwiftUI.debug.xcconfig */;
			buildSettings = {
				ASSETCATALOG_COMPILER_APPICON_NAME = AppIcon;
				CODE_SIGN_STYLE = Automatic;
				DEVELOPMENT_ASSET_PATHS = "\"PeopleSwiftUI/Preview Content\"";
				ENABLE_PREVIEWS = YES;
				INFOPLIST_FILE = PeopleSwiftUI/Info.plist;
				LD_RUNPATH_SEARCH_PATHS = (
					"$(inherited)",
					"@executable_path/Frameworks",
				);
				PRODUCT_BUNDLE_IDENTIFIER = razortech.PeopleSwiftUI;
				PRODUCT_NAME = "$(TARGET_NAME)";
				SWIFT_VERSION = 5.0;
				TARGETED_DEVICE_FAMILY = "1,2";
			};
			name = Debug;
		};
		52EB8E2A24FD99260091FD58 /* Release */ = {
			isa = XCBuildConfiguration;
			baseConfigurationReference = 0F0E19E1618D0DB2D38F6E9C /* Pods-PeopleSwiftUI.release.xcconfig */;
			buildSettings = {
				ASSETCATALOG_COMPILER_APPICON_NAME = AppIcon;
				CODE_SIGN_STYLE = Automatic;
				DEVELOPMENT_ASSET_PATHS = "\"PeopleSwiftUI/Preview Content\"";
				ENABLE_PREVIEWS = YES;
				INFOPLIST_FILE = PeopleSwiftUI/Info.plist;
				LD_RUNPATH_SEARCH_PATHS = (
					"$(inherited)",
					"@executable_path/Frameworks",
				);
				PRODUCT_BUNDLE_IDENTIFIER = razortech.PeopleSwiftUI;
				PRODUCT_NAME = "$(TARGET_NAME)";
				SWIFT_VERSION = 5.0;
				TARGETED_DEVICE_FAMILY = "1,2";
			};
			name = Release;
		};
/* End XCBuildConfiguration section */

/* Begin XCConfigurationList section */
		52EB8E0F24FD99250091FD58 /* Build configuration list for PBXProject "PeopleSwiftUI" */ = {
			isa = XCConfigurationList;
			buildConfigurations = (
				52EB8E2624FD99260091FD58 /* Debug */,
				52EB8E2724FD99260091FD58 /* Release */,
			);
			defaultConfigurationIsVisible = 0;
			defaultConfigurationName = Release;
		};
		52EB8E2824FD99260091FD58 /* Build configuration list for PBXNativeTarget "PeopleSwiftUI" */ = {
			isa = XCConfigurationList;
			buildConfigurations = (
				52EB8E2924FD99260091FD58 /* Debug */,
				52EB8E2A24FD99260091FD58 /* Release */,
			);
			defaultConfigurationIsVisible = 0;
			defaultConfigurationName = Release;
		};
/* End XCConfigurationList section */

/* Begin XCRemoteSwiftPackageReference section */
		52EB8E3A24FEF16C0091FD58 /* XCRemoteSwiftPackageReference "SDWebImageSwiftUI" */ = {
			isa = XCRemoteSwiftPackageReference;
			repositoryURL = "https://github.com/SDWebImage/SDWebImageSwiftUI.git";
			requirement = {
				kind = upToNextMajorVersion;
				minimumVersion = 1.5.0;
			};
		};
/* End XCRemoteSwiftPackageReference section */

/* Begin XCSwiftPackageProductDependency section */
		52EB8E3B24FEF16C0091FD58 /* SDWebImageSwiftUI */ = {
			isa = XCSwiftPackageProductDependency;
			package = 52EB8E3A24FEF16C0091FD58 /* XCRemoteSwiftPackageReference "SDWebImageSwiftUI" */;
			productName = SDWebImageSwiftUI;
		};
/* End XCSwiftPackageProductDependency section */
	};
	rootObject = 52EB8E0C24FD99250091FD58 /* Project object */;
}
